{
    "_meta": {
        "hash": {
            "sha256": "afe81d95001f913ace22fed3de145c0153c1ff1f36b430cff3125297d1572531"
        },
        "pipfile-spec": 6,
        "requires": {
            "python_version": "3.6"
        },
        "sources": [
            {
                "name": "pypi",
                "url": "https://pypi.org/simple",
                "verify_ssl": true
            }
        ]
    },
    "default": {
        "noise": {
            "hashes": [
                "sha256:065be3531a6b7a7dfcb6840646400a75e081511c524caa04feaea11e16e7ab24",
                "sha256:15582a58c9ee79b07436a1220bd6c4145266865262d1e6478d37a08b7d910da8",
                "sha256:20d1c89a2b8c3714abe5a5fa653b3ab9ab01aee1475993b8bdb9d5e26bc081cc",
                "sha256:36036cdaca131ddd2ab4397fba649af7f074ec08031e1e0a51031d0ae23b509a",
                "sha256:57a2797436574391ff63a111e852e53a4164ecd81ad23639641743cd1a209b65",
                "sha256:93ac2977cf0e8f5cb90a2e828a5dfefc438bfb1fb8d7fd1ee305f05eadc8578e",
                "sha256:f7ef26a4c334224e7763e740fc945c26c0abf9ba51a19d4f5befa1d20d7da0b7",
                "sha256:f82933563ef89651865cc7cbfab11721a2229f5c6c8c009a041be4fb887949f2"
            ],
            "index": "pypi",
            "version": "==1.2.2"
        }
    },
    "develop": {}
}
